
Microsoft Visual Studio Solution File, Format Version 12.00
# Visual Studio 15
VisualStudioVersion = 15.0.27130.2027
MinimumVisualStudioVersion = 10.0.40219.1
Project("{FAE04EC0-301F-11D3-BF4B-00C04F79EFBC}") = "WebApi", "WebApi\WebApi.csproj", "{96AAC6B8-1CC9-406B-B943-FC67722127A4}"
EndProject
Project("{FAE04EC0-301F-11D3-BF4B-00C04F79EFBC}") = "Core", "Core\Core.csproj", "{50F941B2-5F6E-4F32-8F52-74AB5A8B5581}"
EndProject
Project("{FAE04EC0-301F-11D3-BF4B-00C04F79EFBC}") = "Core.Tests", "Core.Tests\Core.Tests.csproj", "{16D88D34-4FA1-4754-BE9E-A4F56E345929}"
EndProject
Global
	GlobalSection(SolutionConfigurationPlatforms) = preSolution
		Debug|Any CPU = Debug|Any CPU
		Release|Any CPU = Release|Any CPU
	EndGlobalSection
	GlobalSection(ProjectConfigurationPlatforms) = postSolution
		{96AAC6B8-1CC9-406B-B943-FC67722127A4}.Debug|Any CPU.ActiveCfg = Debug|Any CPU
		{96AAC6B8-1CC9-406B-B943-FC67722127A4}.Debug|Any CPU.Build.0 = Debug|Any CPU
		{96AAC6B8-1CC9-406B-B943-FC67722127A4}.Release|Any CPU.ActiveCfg = Release|Any CPU
		{96AAC6B8-1CC9-406B-B943-FC67722127A4}.Release|Any CPU.Build.0 = Release|Any CPU
		{50F941B2-5F6E-4F32-8F52-74AB5A8B5581}.Debug|Any CPU.ActiveCfg = Debug|Any CPU
		{50F941B2-5F6E-4F32-8F52-74AB5A8B5581}.Debug|Any CPU.Build.0 = Debug|Any CPU
		{50F941B2-5F6E-4F32-8F52-74AB5A8B5581}.Release|Any CPU.ActiveCfg = Release|Any CPU
		{50F941B2-5F6E-4F32-8F52-74AB5A8B5581}.Release|Any CPU.Build.0 = Release|Any CPU
		{16D88D34-4FA1-4754-BE9E-A4F56E345929}.Debug|Any CPU.ActiveCfg = Debug|Any CPU
		{16D88D34-4FA1-4754-BE9E-A4F56E345929}.Debug|Any CPU.Build.0 = Debug|Any CPU
		{16D88D34-4FA1-4754-BE9E-A4F56E345929}.Release|Any CPU.ActiveCfg = Release|Any CPU
		{16D88D34-4FA1-4754-BE9E-A4F56E345929}.Release|Any CPU.Build.0 = Release|Any CPU
	EndGlobalSection
	GlobalSection(SolutionProperties) = preSolution
		HideSolutionNode = FALSE
	EndGlobalSection
	GlobalSection(ExtensibilityGlobals) = postSolution
		SolutionGuid = {AEDD6CED-5479-4D00-B353-2037CBF1D57A}
	EndGlobalSection
EndGlobal
